
Microsoft Visual Studio Solution File, Format Version 12.00
# Visual Studio Version 17
VisualStudioVersion = 17.13.35919.96
MinimumVisualStudioVersion = 10.0.40219.1
Project("{FAE04EC0-301F-11D3-BF4B-00C04F79EFBC}") = "PracticeWebApi", "PracticeWebApi\PracticeWebApi.csproj", "{A7E5763E-CAC5-4DC2-98E9-E666F3A857A4}"
EndProject
Project("{FAE04EC0-301F-11D3-BF4B-00C04F79EFBC}") = "WebApi.DotNetV8", "WebApi.DotNetV8\WebApi.DotNetV8.csproj", "{E2155288-A569-4028-9BC8-4767404FACFB}"
EndProject
Project("{FAE04EC0-301F-11D3-BF4B-00C04F79EFBC}") = "LINQPractice", "LINQPractice\LINQPractice.csproj", "{20228307-40E2-4C78-B350-D8F0C5DDE151}"
EndProject
Project("{FAE04EC0-301F-11D3-BF4B-00C04F79EFBC}") = "CSharpCoding", "CSharpCoding\CSharpCoding.csproj", "{143AFD04-E3B2-4337-B5A2-EE117E4E171D}"
EndProject
Project("{FAE04EC0-301F-11D3-BF4B-00C04F79EFBC}") = "EFCore", "EFCore\EFCore.csproj", "{89E1A932-0031-481F-9EBE-45525DFF3A4A}"
EndProject
Project("{FAE04EC0-301F-11D3-BF4B-00C04F79EFBC}") = "CodeFirst-V8", "CodeFirst-V8\CodeFirst-V8.csproj", "{9F04D173-1C9D-48AE-99F3-60E147B3F414}"
EndProject
Project("{FAE04EC0-301F-11D3-BF4B-00C04F79EFBC}") = "WebApplication1", "WebApplication1\WebApplication1.csproj", "{93BAC7D1-0C05-4D66-8CB6-13146AA2DA93}"
EndProject
Project("{FAE04EC0-301F-11D3-BF4B-00C04F79EFBC}") = "HBP.api", "HBP.api\HBP.api.csproj", "{EF53DFE7-D57B-4E1B-9ACD-669E7FBF4591}"
EndProject
Global
	GlobalSection(SolutionConfigurationPlatforms) = preSolution
		Debug|Any CPU = Debug|Any CPU
		Release|Any CPU = Release|Any CPU
	EndGlobalSection
	GlobalSection(ProjectConfigurationPlatforms) = postSolution
		{A7E5763E-CAC5-4DC2-98E9-E666F3A857A4}.Debug|Any CPU.ActiveCfg = Debug|Any CPU
		{A7E5763E-CAC5-4DC2-98E9-E666F3A857A4}.Debug|Any CPU.Build.0 = Debug|Any CPU
		{A7E5763E-CAC5-4DC2-98E9-E666F3A857A4}.Release|Any CPU.ActiveCfg = Release|Any CPU
		{A7E5763E-CAC5-4DC2-98E9-E666F3A857A4}.Release|Any CPU.Build.0 = Release|Any CPU
		{E2155288-A569-4028-9BC8-4767404FACFB}.Debug|Any CPU.ActiveCfg = Debug|Any CPU
		{E2155288-A569-4028-9BC8-4767404FACFB}.Debug|Any CPU.Build.0 = Debug|Any CPU
		{E2155288-A569-4028-9BC8-4767404FACFB}.Release|Any CPU.ActiveCfg = Release|Any CPU
		{E2155288-A569-4028-9BC8-4767404FACFB}.Release|Any CPU.Build.0 = Release|Any CPU
		{20228307-40E2-4C78-B350-D8F0C5DDE151}.Debug|Any CPU.ActiveCfg = Debug|Any CPU
		{20228307-40E2-4C78-B350-D8F0C5DDE151}.Debug|Any CPU.Build.0 = Debug|Any CPU
		{20228307-40E2-4C78-B350-D8F0C5DDE151}.Release|Any CPU.ActiveCfg = Release|Any CPU
		{20228307-40E2-4C78-B350-D8F0C5DDE151}.Release|Any CPU.Build.0 = Release|Any CPU
		{143AFD04-E3B2-4337-B5A2-EE117E4E171D}.Debug|Any CPU.ActiveCfg = Debug|Any CPU
		{143AFD04-E3B2-4337-B5A2-EE117E4E171D}.Debug|Any CPU.Build.0 = Debug|Any CPU
		{143AFD04-E3B2-4337-B5A2-EE117E4E171D}.Release|Any CPU.ActiveCfg = Release|Any CPU
		{143AFD04-E3B2-4337-B5A2-EE117E4E171D}.Release|Any CPU.Build.0 = Release|Any CPU
		{89E1A932-0031-481F-9EBE-45525DFF3A4A}.Debug|Any CPU.ActiveCfg = Debug|Any CPU
		{89E1A932-0031-481F-9EBE-45525DFF3A4A}.Debug|Any CPU.Build.0 = Debug|Any CPU
		{89E1A932-0031-481F-9EBE-45525DFF3A4A}.Release|Any CPU.ActiveCfg = Release|Any CPU
		{89E1A932-0031-481F-9EBE-45525DFF3A4A}.Release|Any CPU.Build.0 = Release|Any CPU
		{9F04D173-1C9D-48AE-99F3-60E147B3F414}.Debug|Any CPU.ActiveCfg = Debug|Any CPU
		{9F04D173-1C9D-48AE-99F3-60E147B3F414}.Debug|Any CPU.Build.0 = Debug|Any CPU
		{9F04D173-1C9D-48AE-99F3-60E147B3F414}.Release|Any CPU.ActiveCfg = Release|Any CPU
		{9F04D173-1C9D-48AE-99F3-60E147B3F414}.Release|Any CPU.Build.0 = Release|Any CPU
		{93BAC7D1-0C05-4D66-8CB6-13146AA2DA93}.Debug|Any CPU.ActiveCfg = Debug|Any CPU
		{93BAC7D1-0C05-4D66-8CB6-13146AA2DA93}.Debug|Any CPU.Build.0 = Debug|Any CPU
		{93BAC7D1-0C05-4D66-8CB6-13146AA2DA93}.Release|Any CPU.ActiveCfg = Release|Any CPU
		{93BAC7D1-0C05-4D66-8CB6-13146AA2DA93}.Release|Any CPU.Build.0 = Release|Any CPU
		{EF53DFE7-D57B-4E1B-9ACD-669E7FBF4591}.Debug|Any CPU.ActiveCfg = Debug|Any CPU
		{EF53DFE7-D57B-4E1B-9ACD-669E7FBF4591}.Debug|Any CPU.Build.0 = Debug|Any CPU
		{EF53DFE7-D57B-4E1B-9ACD-669E7FBF4591}.Release|Any CPU.ActiveCfg = Release|Any CPU
		{EF53DFE7-D57B-4E1B-9ACD-669E7FBF4591}.Release|Any CPU.Build.0 = Release|Any CPU
	EndGlobalSection
	GlobalSection(SolutionProperties) = preSolution
		HideSolutionNode = FALSE
	EndGlobalSection
	GlobalSection(ExtensibilityGlobals) = postSolution
		SolutionGuid = {ECACE838-C815-475B-8ACF-EA08DD31311F}
	EndGlobalSection
EndGlobal
